
Microsoft Visual Studio Solution File, Format Version 12.00
# Visual Studio Version 17
VisualStudioVersion = 17.0.31903.59
MinimumVisualStudioVersion = 10.0.40219.1
Project("{9A19103F-16F7-4668-BE54-9A1E7A4F7556}") = "ProjektDatalagring", "ProjektDatalagring\ProjektDatalagring.csproj", "{79CBD6F4-BCA1-4617-8E97-CDAB9D8B6F15}"
EndProject
Project("{9A19103F-16F7-4668-BE54-9A1E7A4F7556}") = "Backend", "Backend\Backend.csproj", "{15DA8F4E-FDCD-4F26-BF82-2E5808C2BBA3}"
EndProject
Project("{9A19103F-16F7-4668-BE54-9A1E7A4F7556}") = "TestProject1", "TestProject1\TestProject1.csproj", "{1AD9911A-A680-4E47-B2D7-A7A45BC6826E}"
EndProject
Project("{FAE04EC0-301F-11D3-BF4B-00C04F79EFBC}") = "CustomerFrontEnd", "CustomerFrontEnd\CustomerFrontEnd.csproj", "{8B975386-766B-4F4F-86A7-F3AE44B8197F}"
EndProject
Global
	GlobalSection(SolutionConfigurationPlatforms) = preSolution
		Debug|Any CPU = Debug|Any CPU
		Release|Any CPU = Release|Any CPU
	EndGlobalSection
	GlobalSection(ProjectConfigurationPlatforms) = postSolution
		{79CBD6F4-BCA1-4617-8E97-CDAB9D8B6F15}.Debug|Any CPU.ActiveCfg = Debug|Any CPU
		{79CBD6F4-BCA1-4617-8E97-CDAB9D8B6F15}.Debug|Any CPU.Build.0 = Debug|Any CPU
		{79CBD6F4-BCA1-4617-8E97-CDAB9D8B6F15}.Release|Any CPU.ActiveCfg = Release|Any CPU
		{79CBD6F4-BCA1-4617-8E97-CDAB9D8B6F15}.Release|Any CPU.Build.0 = Release|Any CPU
		{15DA8F4E-FDCD-4F26-BF82-2E5808C2BBA3}.Debug|Any CPU.ActiveCfg = Debug|Any CPU
		{15DA8F4E-FDCD-4F26-BF82-2E5808C2BBA3}.Debug|Any CPU.Build.0 = Debug|Any CPU
		{15DA8F4E-FDCD-4F26-BF82-2E5808C2BBA3}.Release|Any CPU.ActiveCfg = Release|Any CPU
		{15DA8F4E-FDCD-4F26-BF82-2E5808C2BBA3}.Release|Any CPU.Build.0 = Release|Any CPU
		{1AD9911A-A680-4E47-B2D7-A7A45BC6826E}.Debug|Any CPU.ActiveCfg = Debug|Any CPU
		{1AD9911A-A680-4E47-B2D7-A7A45BC6826E}.Debug|Any CPU.Build.0 = Debug|Any CPU
		{1AD9911A-A680-4E47-B2D7-A7A45BC6826E}.Release|Any CPU.ActiveCfg = Release|Any CPU
		{1AD9911A-A680-4E47-B2D7-A7A45BC6826E}.Release|Any CPU.Build.0 = Release|Any CPU
		{8B975386-766B-4F4F-86A7-F3AE44B8197F}.Debug|Any CPU.ActiveCfg = Debug|Any CPU
		{8B975386-766B-4F4F-86A7-F3AE44B8197F}.Debug|Any CPU.Build.0 = Debug|Any CPU
		{8B975386-766B-4F4F-86A7-F3AE44B8197F}.Release|Any CPU.ActiveCfg = Release|Any CPU
		{8B975386-766B-4F4F-86A7-F3AE44B8197F}.Release|Any CPU.Build.0 = Release|Any CPU
	EndGlobalSection
	GlobalSection(SolutionProperties) = preSolution
		HideSolutionNode = FALSE
	EndGlobalSection
	GlobalSection(ExtensibilityGlobals) = postSolution
		SolutionGuid = {3D75AFF9-E0D4-4583-8519-FFB1B7A73249}
	EndGlobalSection
EndGlobal
